
Microsoft Visual Studio Solution File, Format Version 12.00
# Visual Studio Version 17
VisualStudioVersion = 17.3.32804.467
MinimumVisualStudioVersion = 10.0.40219.1
Project("{FAE04EC0-301F-11D3-BF4B-00C04F79EFBC}") = "Odev 2", "Odev 2\Odev 2.csproj", "{1ADAE6E7-8B3C-4133-84BE-92009B252BB1}"
EndProject
Global
	GlobalSection(SolutionConfigurationPlatforms) = preSolution
		Debug|Any CPU = Debug|Any CPU
		Release|Any CPU = Release|Any CPU
	EndGlobalSection
	GlobalSection(ProjectConfigurationPlatforms) = postSolution
		{1ADAE6E7-8B3C-4133-84BE-92009B252BB1}.Debug|Any CPU.ActiveCfg = Debug|Any CPU
		{1ADAE6E7-8B3C-4133-84BE-92009B252BB1}.Debug|Any CPU.Build.0 = Debug|Any CPU
		{1ADAE6E7-8B3C-4133-84BE-92009B252BB1}.Release|Any CPU.ActiveCfg = Release|Any CPU
		{1ADAE6E7-8B3C-4133-84BE-92009B252BB1}.Release|Any CPU.Build.0 = Release|Any CPU
	EndGlobalSection
	GlobalSection(SolutionProperties) = preSolution
		HideSolutionNode = FALSE
	EndGlobalSection
	GlobalSection(ExtensibilityGlobals) = postSolution
		SolutionGuid = {606E2F4C-FB20-4095-9516-815C787D1591}
	EndGlobalSection
EndGlobal
